
Microsoft Visual Studio Solution File, Format Version 12.00
# Visual Studio Version 16
VisualStudioVersion = 16.0.31729.503
MinimumVisualStudioVersion = 10.0.40219.1
Project("{FAE04EC0-301F-11D3-BF4B-00C04F79EFBC}") = "CBP-SE-Plugin", "CBP-SE-Plugin\CBP-SE-Plugin.csproj", "{89A55668-DC53-40B4-BBDB-B67345775A0B}"
EndProject
Global
	GlobalSection(SolutionConfigurationPlatforms) = preSolution
		Debug|Any CPU = Debug|Any CPU
		Release|Any CPU = Release|Any CPU
	EndGlobalSection
	GlobalSection(ProjectConfigurationPlatforms) = postSolution
		{89A55668-DC53-40B4-BBDB-B67345775A0B}.Debug|Any CPU.ActiveCfg = Debug|Any CPU
		{89A55668-DC53-40B4-BBDB-B67345775A0B}.Debug|Any CPU.Build.0 = Debug|Any CPU
		{89A55668-DC53-40B4-BBDB-B67345775A0B}.Release|Any CPU.ActiveCfg = Release|Any CPU
		{89A55668-DC53-40B4-BBDB-B67345775A0B}.Release|Any CPU.Build.0 = Release|Any CPU
	EndGlobalSection
	GlobalSection(SolutionProperties) = preSolution
		HideSolutionNode = FALSE
	EndGlobalSection
	GlobalSection(ExtensibilityGlobals) = postSolution
		SolutionGuid = {C0ABF760-C5B9-41ED-9AE3-E82638E233A5}
	EndGlobalSection
EndGlobal
